
Microsoft Visual Studio Solution File, Format Version 12.00
# Visual Studio Version 17
VisualStudioVersion = 17.14.36408.4 d17.14
MinimumVisualStudioVersion = 10.0.40219.1
Project("{FAE04EC0-301F-11D3-BF4B-00C04F79EFBC}") = "ChoicePayroll", "ChoicePayroll\ChoicePayroll.csproj", "{E7DC934A-AB2C-4A8E-9114-0F5A2301538A}"
EndProject
Global
	GlobalSection(SolutionConfigurationPlatforms) = preSolution
		Debug|Any CPU = Debug|Any CPU
		Release|Any CPU = Release|Any CPU
	EndGlobalSection
	GlobalSection(ProjectConfigurationPlatforms) = postSolution
		{E7DC934A-AB2C-4A8E-9114-0F5A2301538A}.Debug|Any CPU.ActiveCfg = Debug|Any CPU
		{E7DC934A-AB2C-4A8E-9114-0F5A2301538A}.Debug|Any CPU.Build.0 = Debug|Any CPU
		{E7DC934A-AB2C-4A8E-9114-0F5A2301538A}.Release|Any CPU.ActiveCfg = Release|Any CPU
		{E7DC934A-AB2C-4A8E-9114-0F5A2301538A}.Release|Any CPU.Build.0 = Release|Any CPU
	EndGlobalSection
	GlobalSection(SolutionProperties) = preSolution
		HideSolutionNode = FALSE
	EndGlobalSection
	GlobalSection(ExtensibilityGlobals) = postSolution
		SolutionGuid = {0ACCF042-253C-447C-94BB-408F2C8DD456}
	EndGlobalSection
EndGlobal
